
Microsoft Visual Studio Solution File, Format Version 12.00
# Visual Studio 15
VisualStudioVersion = 15.0.28307.852
MinimumVisualStudioVersion = 10.0.40219.1
Project("{FAE04EC0-301F-11D3-BF4B-00C04F79EFBC}") = "EMS201724112107", "EMS201724112107\EMS201724112107.csproj", "{7047BD54-210A-4C0A-BF40-51B5A207137D}"
EndProject
Global
	GlobalSection(SolutionConfigurationPlatforms) = preSolution
		Debug|Any CPU = Debug|Any CPU
		Release|Any CPU = Release|Any CPU
	EndGlobalSection
	GlobalSection(ProjectConfigurationPlatforms) = postSolution
		{7047BD54-210A-4C0A-BF40-51B5A207137D}.Debug|Any CPU.ActiveCfg = Debug|Any CPU
		{7047BD54-210A-4C0A-BF40-51B5A207137D}.Debug|Any CPU.Build.0 = Debug|Any CPU
		{7047BD54-210A-4C0A-BF40-51B5A207137D}.Release|Any CPU.ActiveCfg = Release|Any CPU
		{7047BD54-210A-4C0A-BF40-51B5A207137D}.Release|Any CPU.Build.0 = Release|Any CPU
	EndGlobalSection
	GlobalSection(SolutionProperties) = preSolution
		HideSolutionNode = FALSE
	EndGlobalSection
	GlobalSection(ExtensibilityGlobals) = postSolution
		SolutionGuid = {F70BF30D-4373-4F1E-9E8A-73EFAFADA687}
	EndGlobalSection
EndGlobal
